// !$*UTF8*$!
{
	archiveVersion = 1;
	classes = {
	};
	objectVersion = 46;
	objects = {
/* Begin PBXBuildFile section */
		1E241DE769764259A808F455 /* icon-60@2x.png in Resources */ = {isa = PBXBuildFile; fileRef = B29E2570EE674CA4A799A292 /* icon-60@2x.png */; };
		22A80A32FA5F4382ADDC52CF /* Default-Portrait.png in Resources */ = {isa = PBXBuildFile; fileRef = E233AA709E3C4595B129C65E /* Default-Portrait.png */; };
		26BBD95DD8004589A55FF8A0 /* icon@2x.png in Resources */ = {isa = PBXBuildFile; fileRef = EBF7FAC1D90247D0A0E566FC /* icon@2x.png */; };
		3BF07D42E63141BDB7A7670C /* icon-72.png in Resources */ = {isa = PBXBuildFile; fileRef = 8546316C025E4E808DE949F9 /* icon-72.png */; };
		3F1964B2BF6B4FE8AC3DE057 /* Icon-Small.png in Resources */ = {isa = PBXBuildFile; fileRef = ECE199E2804742E78874EFB2 /* Icon-Small.png */; };
		44D8F3CA13A14BFEA295EFA4 /* Default.png in Resources */ = {isa = PBXBuildFile; fileRef = B137545392274E2B92FF1A17 /* Default.png */; };
		4E24FFF15F1B49A8B97D97A0 /* Icon-Small@2x.png in Resources */ = {isa = PBXBuildFile; fileRef = A33C5F4A3ECA4AF8A513ED1A /* Icon-Small@2x.png */; };
		517DDD8F1B611B7A001C8A19 /* MobileCoreServices.framework in Frameworks */ = {isa = PBXBuildFile; fileRef = 517DDD8E1B611B7A001C8A19 /* MobileCoreServices.framework */; };
		5A9F7E176A214D1AB7AD513D /* Default-568h@2x.png in Resources */ = {isa = PBXBuildFile; fileRef = 5012E45BA5DC4875B161924E /* Default-568h@2x.png */; };
		5BDD23D7E5D443FCA63395CB /* Icon-Small-50@2x.png in Resources */ = {isa = PBXBuildFile; fileRef = 73FC6771DBE845619E0AE7D5 /* Icon-Small-50@2x.png */; };
		78FE026D8F584177A762FFD2 /* Default-Landscape@2x.png in Resources */ = {isa = PBXBuildFile; fileRef = 27D91C5220CF440A894C68B5 /* Default-Landscape@2x.png */; };
		858B83F318CA22B800AB12DE /* main.m in Sources */ = {isa = PBXBuildFile; fileRef = 858B833D18CA111C00AB12DE /* main.m */; };
		858B842918CA22B800AB12DE /* Foundation.framework in Frameworks */ = {isa = PBXBuildFile; fileRef = 858B833118CA111C00AB12DE /* Foundation.framework */; settings = {ATTRIBUTES = (Weak, ); }; };
		858B842A18CA22B800AB12DE /* UIKit.framework in Frameworks */ = {isa = PBXBuildFile; fileRef = 858B833518CA111C00AB12DE /* UIKit.framework */; settings = {ATTRIBUTES = (Weak, ); }; };
		858B842D18CA22B800AB12DE /* InfoPlist.strings in Resources */ = {isa = PBXBuildFile; fileRef = 858B833A18CA111C00AB12DE /* InfoPlist.strings */; };
		8BE3AE7F6B604B3BB292A97B /* Icon-Small-50.png in Resources */ = {isa = PBXBuildFile; fileRef = 61EC914A59AF4567AF3183AB /* Icon-Small-50.png */; };
		96F4D9F8375449F8BBBCA1E4 /* icon-40@2x.png in Resources */ = {isa = PBXBuildFile; fileRef = C8887C5442524D5A85DD74D7 /* icon-40@2x.png */; };
		981DD35861E94984853EE2FD /* Default@2x.png in Resources */ = {isa = PBXBuildFile; fileRef = D71C14D827F543F7BD8BBCF5 /* Default@2x.png */; };
		A7F661EA6BE54B4A9CD2833B /* Default-Portrait@2x.png in Resources */ = {isa = PBXBuildFile; fileRef = D2148E2D040C47F6BF3FBD7B /* Default-Portrait@2x.png */; };
		A8A9B0173EA68215FED80FC8 /* Pods.framework in Frameworks */ = {isa = PBXBuildFile; fileRef = 79C7D64BCA1198F222254D7F /* Pods.framework */; settings = {ATTRIBUTES = (Weak, ); }; };
		B128BFCE3C2B42769E16F19D /* icon-76.png in Resources */ = {isa = PBXBuildFile; fileRef = 2818AA462D3B46C5880914E7 /* icon-76.png */; };
		BB063AC29CDA45508AD48EA0 /* Default-Landscape.png in Resources */ = {isa = PBXBuildFile; fileRef = 311F159537B549B697E9BEB9 /* Default-Landscape.png */; };
		BB58B986931542E799ADCAEA /* icon-72@2x.png in Resources */ = {isa = PBXBuildFile; fileRef = 2133BF5CDBED4B2F90B10455 /* icon-72@2x.png */; };
		C5350060449D4F7392B2D0C2 /* icon-40.png in Resources */ = {isa = PBXBuildFile; fileRef = C380ACCCFDFE4D7A91E8C033 /* icon-40.png */; };
		C576FD4E8E804C8C8045E692 /* icon-76@2x.png in Resources */ = {isa = PBXBuildFile; fileRef = D9EA30E7ACEF4D4FA3357141 /* icon-76@2x.png */; };
		C9341EAFB5014C5E942A2127 /* icon.png in Resources */ = {isa = PBXBuildFile; fileRef = 64F6518C3E494CF2879F59E2 /* icon.png */; };
		CD1343101AF8E03800D3B65B /* libNativeScript.a in Frameworks */ = {isa = PBXBuildFile; fileRef = CD13430F1AF8E03800D3B65B /* libNativeScript.a */; };
		CD45EE7C18DC2D5800FB50C0 /* app in Resources */ = {isa = PBXBuildFile; fileRef = CD45EE7A18DC2D5800FB50C0 /* app */; };
		E8406D5DECC744C8ABDE11F3 /* icon-60.png in Resources */ = {isa = PBXBuildFile; fileRef = 7271DABA5BC44C148AD5601C /* icon-60.png */; };
		F9161D911993C00300F9E5FD /* libc++.dylib in Frameworks */ = {isa = PBXBuildFile; fileRef = F9161D901993C00300F9E5FD /* libc++.dylib */; };
		F9161D931993C00B00F9E5FD /* libz.dylib in Frameworks */ = {isa = PBXBuildFile; fileRef = F9161D921993C00B00F9E5FD /* libz.dylib */; };
		F9161D951993C01600F9E5FD /* libicucore.dylib in Frameworks */ = {isa = PBXBuildFile; fileRef = F9161D941993C01600F9E5FD /* libicucore.dylib */; };
/* End PBXBuildFile section */

/* Begin PBXCopyFilesBuildPhase section */
		85F5BDFC1A9363BE006B9701 /* Embed Frameworks */ = {
			isa = PBXCopyFilesBuildPhase;
			buildActionMask = 2147483647;
			dstPath = "";
			dstSubfolderSpec = 10;
			files = (
			);
			name = "Embed Frameworks";
			runOnlyForDeploymentPostprocessing = 0;
		};
/* End PBXCopyFilesBuildPhase section */

/* Begin PBXFileReference section */
		2133BF5CDBED4B2F90B10455 /* icon-72@2x.png */ = {isa = PBXFileReference; lastKnownFileType = image.png; name = "icon-72@2x.png"; path = "FacebookLoginDemo/Resources/icon-72@2x.png"; sourceTree = "<group>"; };
		27D91C5220CF440A894C68B5 /* Default-Landscape@2x.png */ = {isa = PBXFileReference; lastKnownFileType = image.png; name = "Default-Landscape@2x.png"; path = "FacebookLoginDemo/Resources/Default-Landscape@2x.png"; sourceTree = "<group>"; };
		2818AA462D3B46C5880914E7 /* icon-76.png */ = {isa = PBXFileReference; lastKnownFileType = image.png; name = "icon-76.png"; path = "FacebookLoginDemo/Resources/icon-76.png"; sourceTree = "<group>"; };
		311F159537B549B697E9BEB9 /* Default-Landscape.png */ = {isa = PBXFileReference; lastKnownFileType = image.png; name = "Default-Landscape.png"; path = "FacebookLoginDemo/Resources/Default-Landscape.png"; sourceTree = "<group>"; };
		4E30FD762487E88BDB48344C /* Pods.release.xcconfig */ = {isa = PBXFileReference; includeInIndex = 1; lastKnownFileType = text.xcconfig; name = Pods.release.xcconfig; path = "Pods/Target Support Files/Pods/Pods.release.xcconfig"; sourceTree = "<group>"; };
		5012E45BA5DC4875B161924E /* Default-568h@2x.png */ = {isa = PBXFileReference; lastKnownFileType = image.png; name = "Default-568h@2x.png"; path = "FacebookLoginDemo/Resources/Default-568h@2x.png"; sourceTree = "<group>"; };
		517DDD8E1B611B7A001C8A19 /* MobileCoreServices.framework */ = {isa = PBXFileReference; lastKnownFileType = wrapper.framework; name = MobileCoreServices.framework; path = System/Library/Frameworks/MobileCoreServices.framework; sourceTree = SDKROOT; };
		61EC914A59AF4567AF3183AB /* Icon-Small-50.png */ = {isa = PBXFileReference; lastKnownFileType = image.png; name = "Icon-Small-50.png"; path = "FacebookLoginDemo/Resources/Icon-Small-50.png"; sourceTree = "<group>"; };
		64F6518C3E494CF2879F59E2 /* icon.png */ = {isa = PBXFileReference; lastKnownFileType = image.png; name = icon.png; path = FacebookLoginDemo/Resources/icon.png; sourceTree = "<group>"; };
		652D00491212582BB9DD46E0 /* Pods.debug.xcconfig */ = {isa = PBXFileReference; includeInIndex = 1; lastKnownFileType = text.xcconfig; name = Pods.debug.xcconfig; path = "Pods/Target Support Files/Pods/Pods.debug.xcconfig"; sourceTree = "<group>"; };
		7271DABA5BC44C148AD5601C /* icon-60.png */ = {isa = PBXFileReference; lastKnownFileType = image.png; name = "icon-60.png"; path = "FacebookLoginDemo/Resources/icon-60.png"; sourceTree = "<group>"; };
		73FC6771DBE845619E0AE7D5 /* Icon-Small-50@2x.png */ = {isa = PBXFileReference; lastKnownFileType = image.png; name = "Icon-Small-50@2x.png"; path = "FacebookLoginDemo/Resources/Icon-Small-50@2x.png"; sourceTree = "<group>"; };
		79C7D64BCA1198F222254D7F /* Pods.framework */ = {isa = PBXFileReference; explicitFileType = wrapper.framework; includeInIndex = 0; path = Pods.framework; sourceTree = BUILT_PRODUCTS_DIR; };
		8546316C025E4E808DE949F9 /* icon-72.png */ = {isa = PBXFileReference; lastKnownFileType = image.png; name = "icon-72.png"; path = "FacebookLoginDemo/Resources/icon-72.png"; sourceTree = "<group>"; };
		858B832E18CA111C00AB12DE /* FacebookLoginDemo.app */ = {isa = PBXFileReference; explicitFileType = wrapper.application; includeInIndex = 0; path = FacebookLoginDemo.app; sourceTree = BUILT_PRODUCTS_DIR; };
		858B833118CA111C00AB12DE /* Foundation.framework */ = {isa = PBXFileReference; lastKnownFileType = wrapper.framework; name = Foundation.framework; path = System/Library/Frameworks/Foundation.framework; sourceTree = SDKROOT; };
		858B833518CA111C00AB12DE /* UIKit.framework */ = {isa = PBXFileReference; lastKnownFileType = wrapper.framework; name = UIKit.framework; path = System/Library/Frameworks/UIKit.framework; sourceTree = SDKROOT; };
		858B833918CA111C00AB12DE /* FacebookLoginDemo-Info.plist */ = {isa = PBXFileReference; lastKnownFileType = text.plist.xml; path = "FacebookLoginDemo-Info.plist"; sourceTree = "<group>"; };
		858B833B18CA111C00AB12DE /* en */ = {isa = PBXFileReference; lastKnownFileType = text.plist.strings; name = en; path = en.lproj/InfoPlist.strings; sourceTree = "<group>"; };
		858B833D18CA111C00AB12DE /* main.m */ = {isa = PBXFileReference; lastKnownFileType = sourcecode.c.objc; path = main.m; sourceTree = "<group>"; };
		858B833F18CA111C00AB12DE /* FacebookLoginDemo-Prefix.pch */ = {isa = PBXFileReference; lastKnownFileType = sourcecode.c.h; path = "FacebookLoginDemo-Prefix.pch"; sourceTree = "<group>"; };
		858B843318CA22B800AB12DE /* FacebookLoginDemo.app */ = {isa = PBXFileReference; explicitFileType = wrapper.application; includeInIndex = 0; path = FacebookLoginDemo.app; sourceTree = BUILT_PRODUCTS_DIR; };
		A33C5F4A3ECA4AF8A513ED1A /* Icon-Small@2x.png */ = {isa = PBXFileReference; lastKnownFileType = image.png; name = "Icon-Small@2x.png"; path = "FacebookLoginDemo/Resources/Icon-Small@2x.png"; sourceTree = "<group>"; };
		B137545392274E2B92FF1A17 /* Default.png */ = {isa = PBXFileReference; lastKnownFileType = image.png; name = Default.png; path = FacebookLoginDemo/Resources/Default.png; sourceTree = "<group>"; };
		B29E2570EE674CA4A799A292 /* icon-60@2x.png */ = {isa = PBXFileReference; lastKnownFileType = image.png; name = "icon-60@2x.png"; path = "FacebookLoginDemo/Resources/icon-60@2x.png"; sourceTree = "<group>"; };
		C380ACCCFDFE4D7A91E8C033 /* icon-40.png */ = {isa = PBXFileReference; lastKnownFileType = image.png; name = "icon-40.png"; path = "FacebookLoginDemo/Resources/icon-40.png"; sourceTree = "<group>"; };
		C8887C5442524D5A85DD74D7 /* icon-40@2x.png */ = {isa = PBXFileReference; lastKnownFileType = image.png; name = "icon-40@2x.png"; path = "FacebookLoginDemo/Resources/icon-40@2x.png"; sourceTree = "<group>"; };
		CD13430F1AF8E03800D3B65B /* libNativeScript.a */ = {isa = PBXFileReference; lastKnownFileType = archive.ar; name = libNativeScript.a; path = "../../dist/package 2/framework/NativeScript/lib/libNativeScript.a"; sourceTree = "<group>"; };
		CD45EE7A18DC2D5800FB50C0 /* app */ = {isa = PBXFileReference; lastKnownFileType = folder; path = app; sourceTree = "<group>"; };
		D2148E2D040C47F6BF3FBD7B /* Default-Portrait@2x.png */ = {isa = PBXFileReference; lastKnownFileType = image.png; name = "Default-Portrait@2x.png"; path = "FacebookLoginDemo/Resources/Default-Portrait@2x.png"; sourceTree = "<group>"; };
		D71C14D827F543F7BD8BBCF5 /* Default@2x.png */ = {isa = PBXFileReference; lastKnownFileType = image.png; name = "Default@2x.png"; path = "FacebookLoginDemo/Resources/Default@2x.png"; sourceTree = "<group>"; };
		D9EA30E7ACEF4D4FA3357141 /* icon-76@2x.png */ = {isa = PBXFileReference; lastKnownFileType = image.png; name = "icon-76@2x.png"; path = "FacebookLoginDemo/Resources/icon-76@2x.png"; sourceTree = "<group>"; };
		E233AA709E3C4595B129C65E /* Default-Portrait.png */ = {isa = PBXFileReference; lastKnownFileType = image.png; name = "Default-Portrait.png"; path = "FacebookLoginDemo/Resources/Default-Portrait.png"; sourceTree = "<group>"; };
		EBF7FAC1D90247D0A0E566FC /* icon@2x.png */ = {isa = PBXFileReference; lastKnownFileType = image.png; name = "icon@2x.png"; path = "FacebookLoginDemo/Resources/icon@2x.png"; sourceTree = "<group>"; };
		ECE199E2804742E78874EFB2 /* Icon-Small.png */ = {isa = PBXFileReference; lastKnownFileType = image.png; name = "Icon-Small.png"; path = "FacebookLoginDemo/Resources/Icon-Small.png"; sourceTree = "<group>"; };
		F9161D901993C00300F9E5FD /* libc++.dylib */ = {isa = PBXFileReference; lastKnownFileType = "compiled.mach-o.dylib"; name = "libc++.dylib"; path = "usr/lib/libc++.dylib"; sourceTree = SDKROOT; };
		F9161D921993C00B00F9E5FD /* libz.dylib */ = {isa = PBXFileReference; lastKnownFileType = "compiled.mach-o.dylib"; name = libz.dylib; path = usr/lib/libz.dylib; sourceTree = SDKROOT; };
		F9161D941993C01600F9E5FD /* libicucore.dylib */ = {isa = PBXFileReference; lastKnownFileType = "compiled.mach-o.dylib"; name = libicucore.dylib; path = usr/lib/libicucore.dylib; sourceTree = SDKROOT; };
		F9B8C6A31ACEDEEB00547416 /* en */ = {isa = PBXFileReference; lastKnownFileType = file.xib; name = en; path = en.lproj/LaunchScreen.xib; sourceTree = "<group>"; };
/* End PBXFileReference section */

/* Begin PBXFrameworksBuildPhase section */
		858B83F418CA22B800AB12DE /* Frameworks */ = {
			isa = PBXFrameworksBuildPhase;
			buildActionMask = 2147483647;
			files = (
				F9161D951993C01600F9E5FD /* libicucore.dylib in Frameworks */,
				F9161D931993C00B00F9E5FD /* libz.dylib in Frameworks */,
				F9161D911993C00300F9E5FD /* libc++.dylib in Frameworks */,
				858B842918CA22B800AB12DE /* Foundation.framework in Frameworks */,
				858B842A18CA22B800AB12DE /* UIKit.framework in Frameworks */,
				517DDD8F1B611B7A001C8A19 /* MobileCoreServices.framework in Frameworks */,
				CD1343101AF8E03800D3B65B /* libNativeScript.a in Frameworks */,
				A8A9B0173EA68215FED80FC8 /* Pods.framework in Frameworks */,
			);
			runOnlyForDeploymentPostprocessing = 0;
		};
/* End PBXFrameworksBuildPhase section */

/* Begin PBXGroup section */
		44570AC52526E2674AC433EA /* Pods */ = {
			isa = PBXGroup;
			children = (
				652D00491212582BB9DD46E0 /* Pods.debug.xcconfig */,
				4E30FD762487E88BDB48344C /* Pods.release.xcconfig */,
			);
			name = Pods;
			sourceTree = "<group>";
		};
		858B832518CA111C00AB12DE = {
			isa = PBXGroup;
			children = (
				E070579D1B39A9D000214BF1 /* Resources */,
				858B833718CA111C00AB12DE /* FacebookLoginDemo */,
				858B833018CA111C00AB12DE /* Frameworks */,
				858B832F18CA111C00AB12DE /* Products */,
				44570AC52526E2674AC433EA /* Pods */,
			);
			sourceTree = "<group>";
		};
		858B832F18CA111C00AB12DE /* Products */ = {
			isa = PBXGroup;
			children = (
				858B832E18CA111C00AB12DE /* FacebookLoginDemo.app */,
				858B843318CA22B800AB12DE /* FacebookLoginDemo.app */,
			);
			name = Products;
			sourceTree = "<group>";
		};
		858B833018CA111C00AB12DE /* Frameworks */ = {
			isa = PBXGroup;
			children = (
				517DDD8E1B611B7A001C8A19 /* MobileCoreServices.framework */,
				CD13430F1AF8E03800D3B65B /* libNativeScript.a */,
				F9161D941993C01600F9E5FD /* libicucore.dylib */,
				F9161D921993C00B00F9E5FD /* libz.dylib */,
				F9161D901993C00300F9E5FD /* libc++.dylib */,
				858B833118CA111C00AB12DE /* Foundation.framework */,
				858B833518CA111C00AB12DE /* UIKit.framework */,
				79C7D64BCA1198F222254D7F /* Pods.framework */,
			);
			name = Frameworks;
			sourceTree = "<group>";
		};
		858B833718CA111C00AB12DE /* FacebookLoginDemo */ = {
			isa = PBXGroup;
			children = (
				CD45EE7A18DC2D5800FB50C0 /* app */,
				F9B8C6A21ACEDEEB00547416 /* LaunchScreen.xib */,
				858B833818CA111C00AB12DE /* Supporting Files */,
			);
			path = FacebookLoginDemo;
			sourceTree = "<group>";
		};
		858B833818CA111C00AB12DE /* Supporting Files */ = {
			isa = PBXGroup;
			children = (
				858B833918CA111C00AB12DE /* FacebookLoginDemo-Info.plist */,
				858B833A18CA111C00AB12DE /* InfoPlist.strings */,
				858B833D18CA111C00AB12DE /* main.m */,
				858B833F18CA111C00AB12DE /* FacebookLoginDemo-Prefix.pch */,
			);
			name = "Supporting Files";
			sourceTree = "<group>";
		};
		E070579D1B39A9D000214BF1 /* Resources */ = {
			isa = PBXGroup;
			children = (
				5012E45BA5DC4875B161924E /* Default-568h@2x.png */,
				311F159537B549B697E9BEB9 /* Default-Landscape.png */,
				27D91C5220CF440A894C68B5 /* Default-Landscape@2x.png */,
				E233AA709E3C4595B129C65E /* Default-Portrait.png */,
				D2148E2D040C47F6BF3FBD7B /* Default-Portrait@2x.png */,
				B137545392274E2B92FF1A17 /* Default.png */,
				D71C14D827F543F7BD8BBCF5 /* Default@2x.png */,
				61EC914A59AF4567AF3183AB /* Icon-Small-50.png */,
				73FC6771DBE845619E0AE7D5 /* Icon-Small-50@2x.png */,
				ECE199E2804742E78874EFB2 /* Icon-Small.png */,
				A33C5F4A3ECA4AF8A513ED1A /* Icon-Small@2x.png */,
				C380ACCCFDFE4D7A91E8C033 /* icon-40.png */,
				C8887C5442524D5A85DD74D7 /* icon-40@2x.png */,
				7271DABA5BC44C148AD5601C /* icon-60.png */,
				B29E2570EE674CA4A799A292 /* icon-60@2x.png */,
				8546316C025E4E808DE949F9 /* icon-72.png */,
				2133BF5CDBED4B2F90B10455 /* icon-72@2x.png */,
				2818AA462D3B46C5880914E7 /* icon-76.png */,
				D9EA30E7ACEF4D4FA3357141 /* icon-76@2x.png */,
				64F6518C3E494CF2879F59E2 /* icon.png */,
				EBF7FAC1D90247D0A0E566FC /* icon@2x.png */,
			);
			name = Resources;
			sourceTree = "<group>";
		};
/* End PBXGroup section */

/* Begin PBXNativeTarget section */
		858B83EF18CA22B800AB12DE /* FacebookLoginDemo */ = {
			isa = PBXNativeTarget;
			buildConfigurationList = 858B843018CA22B800AB12DE /* Build configuration list for PBXNativeTarget "FacebookLoginDemo" */;
			buildPhases = (
				564FA38995FE0C58DF1CF408 /* Check Pods Manifest.lock */,
				C97FD7AC1ADE5369004DB2A4 /* Generate Metadata */,
				858B83F218CA22B800AB12DE /* Sources */,
				858B83F418CA22B800AB12DE /* Frameworks */,
				858B842C18CA22B800AB12DE /* Resources */,
				85F5BDFC1A9363BE006B9701 /* Embed Frameworks */,
				CD3EAD351B05FF060042DBFC /* Strip Dynamic Framework Architectures */,
				33EC70B138FD235648B284FE /* Embed Pods Frameworks */,
				B94A922B1E46510AF689DC07 /* Copy Pods Resources */,
			);
			buildRules = (
			);
			dependencies = (
			);
			name = FacebookLoginDemo;
			productName = JDBridgeApp;
			productReference = 858B843318CA22B800AB12DE /* FacebookLoginDemo.app */;
			productType = "com.apple.product-type.application";
		};
/* End PBXNativeTarget section */

/* Begin PBXProject section */
		858B832618CA111C00AB12DE /* Project object */ = {
			isa = PBXProject;
			attributes = {
				CLASSPREFIX = TNS;
				LastUpgradeCheck = 500;
				ORGANIZATIONNAME = Telerik;
			};
			buildConfigurationList = 858B832918CA111C00AB12DE /* Build configuration list for PBXProject "FacebookLoginDemo" */;
			compatibilityVersion = "Xcode 3.2";
			developmentRegion = English;
			hasScannedForEncodings = 0;
			knownRegions = (
				en,
			);
			mainGroup = 858B832518CA111C00AB12DE;
			productRefGroup = 858B832F18CA111C00AB12DE /* Products */;
			projectDirPath = "";
			projectRoot = "";
			targets = (
				858B83EF18CA22B800AB12DE /* FacebookLoginDemo */,
			);
		};
/* End PBXProject section */

/* Begin PBXResourcesBuildPhase section */
		858B842C18CA22B800AB12DE /* Resources */ = {
			isa = PBXResourcesBuildPhase;
			buildActionMask = 2147483647;
			files = (
				CD45EE7C18DC2D5800FB50C0 /* app in Resources */,
				858B842D18CA22B800AB12DE /* InfoPlist.strings in Resources */,
				5A9F7E176A214D1AB7AD513D /* Default-568h@2x.png in Resources */,
				BB063AC29CDA45508AD48EA0 /* Default-Landscape.png in Resources */,
				78FE026D8F584177A762FFD2 /* Default-Landscape@2x.png in Resources */,
				22A80A32FA5F4382ADDC52CF /* Default-Portrait.png in Resources */,
				A7F661EA6BE54B4A9CD2833B /* Default-Portrait@2x.png in Resources */,
				44D8F3CA13A14BFEA295EFA4 /* Default.png in Resources */,
				981DD35861E94984853EE2FD /* Default@2x.png in Resources */,
				8BE3AE7F6B604B3BB292A97B /* Icon-Small-50.png in Resources */,
				5BDD23D7E5D443FCA63395CB /* Icon-Small-50@2x.png in Resources */,
				3F1964B2BF6B4FE8AC3DE057 /* Icon-Small.png in Resources */,
				4E24FFF15F1B49A8B97D97A0 /* Icon-Small@2x.png in Resources */,
				C5350060449D4F7392B2D0C2 /* icon-40.png in Resources */,
				96F4D9F8375449F8BBBCA1E4 /* icon-40@2x.png in Resources */,
				E8406D5DECC744C8ABDE11F3 /* icon-60.png in Resources */,
				1E241DE769764259A808F455 /* icon-60@2x.png in Resources */,
				3BF07D42E63141BDB7A7670C /* icon-72.png in Resources */,
				BB58B986931542E799ADCAEA /* icon-72@2x.png in Resources */,
				B128BFCE3C2B42769E16F19D /* icon-76.png in Resources */,
				C576FD4E8E804C8C8045E692 /* icon-76@2x.png in Resources */,
				C9341EAFB5014C5E942A2127 /* icon.png in Resources */,
				26BBD95DD8004589A55FF8A0 /* icon@2x.png in Resources */,
			);
			runOnlyForDeploymentPostprocessing = 0;
		};
/* End PBXResourcesBuildPhase section */

/* Begin PBXShellScriptBuildPhase section */
		33EC70B138FD235648B284FE /* Embed Pods Frameworks */ = {
			isa = PBXShellScriptBuildPhase;
			buildActionMask = 2147483647;
			files = (
			);
			inputPaths = (
			);
			name = "Embed Pods Frameworks";
			outputPaths = (
			);
			runOnlyForDeploymentPostprocessing = 0;
			shellPath = /bin/sh;
			shellScript = "\"${SRCROOT}/Pods/Target Support Files/Pods/Pods-frameworks.sh\"\n";
			showEnvVarsInLog = 0;
		};
		564FA38995FE0C58DF1CF408 /* Check Pods Manifest.lock */ = {
			isa = PBXShellScriptBuildPhase;
			buildActionMask = 2147483647;
			files = (
			);
			inputPaths = (
			);
			name = "Check Pods Manifest.lock";
			outputPaths = (
			);
			runOnlyForDeploymentPostprocessing = 0;
			shellPath = /bin/sh;
			shellScript = "diff \"${PODS_ROOT}/../Podfile.lock\" \"${PODS_ROOT}/Manifest.lock\" > /dev/null\nif [[ $? != 0 ]] ; then\n    cat << EOM\nerror: The sandbox is not in sync with the Podfile.lock. Run 'pod install' or update your CocoaPods installation.\nEOM\n    exit 1\nfi\n";
			showEnvVarsInLog = 0;
		};
		B94A922B1E46510AF689DC07 /* Copy Pods Resources */ = {
			isa = PBXShellScriptBuildPhase;
			buildActionMask = 2147483647;
			files = (
			);
			inputPaths = (
			);
			name = "Copy Pods Resources";
			outputPaths = (
			);
			runOnlyForDeploymentPostprocessing = 0;
			shellPath = /bin/sh;
			shellScript = "\"${SRCROOT}/Pods/Target Support Files/Pods/Pods-resources.sh\"\n";
			showEnvVarsInLog = 0;
		};
		C97FD7AC1ADE5369004DB2A4 /* Generate Metadata */ = {
			isa = PBXShellScriptBuildPhase;
			buildActionMask = 2147483647;
			files = (
			);
			inputPaths = (
			);
			name = "Generate Metadata";
			outputPaths = (
			);
			runOnlyForDeploymentPostprocessing = 0;
			shellPath = /bin/sh;
			shellScript = "cd \"$SRCROOT/metadataGenerator/bin\"\nbash metadata-generation-build-step.sh";
			showEnvVarsInLog = 0;
		};
		CD3EAD351B05FF060042DBFC /* Strip Dynamic Framework Architectures */ = {
			isa = PBXShellScriptBuildPhase;
			buildActionMask = 2147483647;
			files = (
			);
			inputPaths = (
			);
			name = "Strip Dynamic Framework Architectures";
			outputPaths = (
			);
			runOnlyForDeploymentPostprocessing = 0;
			shellPath = /bin/sh;
			shellScript = "# Remove this step when Xcode starts to do this automatically\n\nbash \"$SRCROOT/$PROJECT_NAME/strip-dynamic-framework-architectures.sh\"";
			showEnvVarsInLog = 0;
		};
/* End PBXShellScriptBuildPhase section */

/* Begin PBXSourcesBuildPhase section */
		858B83F218CA22B800AB12DE /* Sources */ = {
			isa = PBXSourcesBuildPhase;
			buildActionMask = 2147483647;
			files = (
				858B83F318CA22B800AB12DE /* main.m in Sources */,
			);
			runOnlyForDeploymentPostprocessing = 0;
		};
/* End PBXSourcesBuildPhase section */

/* Begin PBXVariantGroup section */
		858B833A18CA111C00AB12DE /* InfoPlist.strings */ = {
			isa = PBXVariantGroup;
			children = (
				858B833B18CA111C00AB12DE /* en */,
			);
			name = InfoPlist.strings;
			sourceTree = "<group>";
		};
		F9B8C6A21ACEDEEB00547416 /* LaunchScreen.xib */ = {
			isa = PBXVariantGroup;
			children = (
				F9B8C6A31ACEDEEB00547416 /* en */,
			);
			name = LaunchScreen.xib;
			sourceTree = "<group>";
		};
/* End PBXVariantGroup section */

/* Begin XCBuildConfiguration section */
		858B835818CA111C00AB12DE /* Debug */ = {
			isa = XCBuildConfiguration;
			buildSettings = {
				ALWAYS_SEARCH_USER_PATHS = NO;
				ARCHS = "$(ARCHS_STANDARD)";
				CLANG_CXX_LANGUAGE_STANDARD = "gnu++0x";
				CLANG_CXX_LIBRARY = "libc++";
				CLANG_ENABLE_MODULES = YES;
				CLANG_ENABLE_OBJC_ARC = YES;
				CLANG_WARN_BOOL_CONVERSION = YES;
				CLANG_WARN_CONSTANT_CONVERSION = YES;
				CLANG_WARN_DIRECT_OBJC_ISA_USAGE = YES_ERROR;
				CLANG_WARN_EMPTY_BODY = YES;
				CLANG_WARN_ENUM_CONVERSION = YES;
				CLANG_WARN_INT_CONVERSION = YES;
				CLANG_WARN_OBJC_ROOT_CLASS = YES_ERROR;
				CLANG_WARN__DUPLICATE_METHOD_MATCH = YES;
				"CODE_SIGN_IDENTITY[sdk=iphoneos*]" = "iPhone Developer";
				COPY_PHASE_STRIP = NO;
				GCC_C_LANGUAGE_STANDARD = gnu99;
				GCC_DYNAMIC_NO_PIC = NO;
				GCC_OPTIMIZATION_LEVEL = 0;
				GCC_SYMBOLS_PRIVATE_EXTERN = NO;
				GCC_WARN_64_TO_32_BIT_CONVERSION = YES;
				GCC_WARN_ABOUT_RETURN_TYPE = YES_ERROR;
				GCC_WARN_UNDECLARED_SELECTOR = YES;
				GCC_WARN_UNINITIALIZED_AUTOS = YES;
				GCC_WARN_UNUSED_FUNCTION = YES;
				GCC_WARN_UNUSED_VARIABLE = YES;
				IPHONEOS_DEPLOYMENT_TARGET = 7.0;
				ONLY_ACTIVE_ARCH = YES;
				OTHER_LDFLAGS = "-ObjC";
				SDKROOT = iphoneos;
				TARGETED_DEVICE_FAMILY = "1,2";
				VALID_ARCHS = "armv7 arm64";
			};
			name = Debug;
		};
		858B835918CA111C00AB12DE /* Release */ = {
			isa = XCBuildConfiguration;
			buildSettings = {
				ALWAYS_SEARCH_USER_PATHS = NO;
				ARCHS = "$(ARCHS_STANDARD)";
				CLANG_CXX_LANGUAGE_STANDARD = "gnu++0x";
				CLANG_CXX_LIBRARY = "libc++";
				CLANG_ENABLE_MODULES = YES;
				CLANG_ENABLE_OBJC_ARC = YES;
				CLANG_WARN_BOOL_CONVERSION = YES;
				CLANG_WARN_CONSTANT_CONVERSION = YES;
				CLANG_WARN_DIRECT_OBJC_ISA_USAGE = YES_ERROR;
				CLANG_WARN_EMPTY_BODY = YES;
				CLANG_WARN_ENUM_CONVERSION = YES;
				CLANG_WARN_INT_CONVERSION = YES;
				CLANG_WARN_OBJC_ROOT_CLASS = YES_ERROR;
				CLANG_WARN__DUPLICATE_METHOD_MATCH = YES;
				"CODE_SIGN_IDENTITY[sdk=iphoneos*]" = "iPhone Developer";
				COPY_PHASE_STRIP = YES;
				ENABLE_NS_ASSERTIONS = NO;
				GCC_C_LANGUAGE_STANDARD = gnu99;
				GCC_WARN_64_TO_32_BIT_CONVERSION = YES;
				GCC_WARN_ABOUT_RETURN_TYPE = YES_ERROR;
				GCC_WARN_UNDECLARED_SELECTOR = YES;
				GCC_WARN_UNINITIALIZED_AUTOS = YES;
				GCC_WARN_UNUSED_FUNCTION = YES;
				GCC_WARN_UNUSED_VARIABLE = YES;
				IPHONEOS_DEPLOYMENT_TARGET = 7.0;
				OTHER_LDFLAGS = "-ObjC";
				SDKROOT = iphoneos;
				TARGETED_DEVICE_FAMILY = "1,2";
				VALIDATE_PRODUCT = YES;
				VALID_ARCHS = "armv7 arm64";
			};
			name = Release;
		};
		858B843118CA22B800AB12DE /* Debug */ = {
			isa = XCBuildConfiguration;
			baseConfigurationReference = 652D00491212582BB9DD46E0 /* Pods.debug.xcconfig */;
			buildSettings = {
				ARCHS = "$(ARCHS_STANDARD)";
				CLANG_ENABLE_MODULES = NO;
				CLANG_MODULES_AUTOLINK = NO;
				ENABLE_BITCODE = NO;
				FRAMEWORK_SEARCH_PATHS = (
					"$(inherited)",
					"\"$(PROJECT_DIR)\"",
					"\"$(PROJECT_DIR)/../../lib/iOS\"",
				);
				GCC_PRECOMPILE_PREFIX_HEADER = YES;
				GCC_PREFIX_HEADER = "FacebookLoginDemo/FacebookLoginDemo-Prefix.pch";
				GCC_PREPROCESSOR_DEFINITIONS = (
					"$(inherited)",
					"DEBUG=1",
				);
				HEADER_SEARCH_PATHS = (
					"$(inherited)",
					/Applications/Xcode6.3.app/Contents/Developer/Toolchains/XcodeDefault.xctoolchain/usr/include,
					"$(PROJECT_DIR)/NativeScript/include",
				);
				INFOPLIST_FILE = "$(SRCROOT)/FacebookLoginDemo/FacebookLoginDemo-Info.plist";
				LD_RUNPATH_SEARCH_PATHS = "$(inherited) @executable_path/Frameworks";
				LIBRARY_SEARCH_PATHS = (
					"$(inherited)",
					"$(PROJECT_DIR)/NativeScript/lib",
				);
				OTHER_LDFLAGS = (
					"-ObjC",
					"-sectcreate",
					__DATA,
					__TNSMetadata,
					"$(CONFIGURATION_BUILD_DIR)/metadata-$(CURRENT_ARCH).bin",
				);
				PRODUCT_NAME = FacebookLoginDemo;
				VALID_ARCHS = "armv7 arm64";
				WRAPPER_EXTENSION = app;
			};
			name = Debug;
		};
		858B843218CA22B800AB12DE /* Release */ = {
			isa = XCBuildConfiguration;
			baseConfigurationReference = 4E30FD762487E88BDB48344C /* Pods.release.xcconfig */;
			buildSettings = {
				ARCHS = "$(ARCHS_STANDARD)";
				CLANG_ENABLE_MODULES = NO;
				CLANG_MODULES_AUTOLINK = NO;
				ENABLE_BITCODE = NO;
				FRAMEWORK_SEARCH_PATHS = (
					"$(inherited)",
					"\"$(PROJECT_DIR)\"",
					"\"$(PROJECT_DIR)/../../lib/iOS\"",
				);
				GCC_PRECOMPILE_PREFIX_HEADER = YES;
				GCC_PREFIX_HEADER = "FacebookLoginDemo/FacebookLoginDemo-Prefix.pch";
				HEADER_SEARCH_PATHS = (
					"$(inherited)",
					/Applications/Xcode6.3.app/Contents/Developer/Toolchains/XcodeDefault.xctoolchain/usr/include,
					"$(PROJECT_DIR)/NativeScript/include",
				);
				INFOPLIST_FILE = "$(SRCROOT)/FacebookLoginDemo/FacebookLoginDemo-Info.plist";
				LD_RUNPATH_SEARCH_PATHS = "$(inherited) @executable_path/Frameworks";
				LIBRARY_SEARCH_PATHS = (
					"$(inherited)",
					"$(PROJECT_DIR)/NativeScript/lib",
				);
				OTHER_LDFLAGS = (
					"-ObjC",
					"-sectcreate",
					__DATA,
					__TNSMetadata,
					"$(CONFIGURATION_BUILD_DIR)/metadata-$(CURRENT_ARCH).bin",
				);
				PRODUCT_NAME = FacebookLoginDemo;
				VALID_ARCHS = "armv7 arm64";
				WRAPPER_EXTENSION = app;
			};
			name = Release;
		};
/* End XCBuildConfiguration section */

/* Begin XCConfigurationList section */
		858B832918CA111C00AB12DE /* Build configuration list for PBXProject "FacebookLoginDemo" */ = {
			isa = XCConfigurationList;
			buildConfigurations = (
				858B835818CA111C00AB12DE /* Debug */,
				858B835918CA111C00AB12DE /* Release */,
			);
			defaultConfigurationIsVisible = 0;
			defaultConfigurationName = Release;
		};
		858B843018CA22B800AB12DE /* Build configuration list for PBXNativeTarget "FacebookLoginDemo" */ = {
			isa = XCConfigurationList;
			buildConfigurations = (
				858B843118CA22B800AB12DE /* Debug */,
				858B843218CA22B800AB12DE /* Release */,
			);
			defaultConfigurationIsVisible = 0;
			defaultConfigurationName = Release;
		};
/* End XCConfigurationList section */
	};
	rootObject = 858B832618CA111C00AB12DE /* Project object */;
}
